
Microsoft Visual Studio Solution File, Format Version 12.00
# Visual Studio Version 17
VisualStudioVersion = 17.11.35327.3
MinimumVisualStudioVersion = 10.0.40219.1
Project("{888888A0-9F3D-457C-B088-3A5042F75D52}") = "№3(3) Python", "№3(3) Python\№3(3) Python.pyproj", "{ECDC5DBD-3E34-49D6-9B8E-9A1FFC275926}"
EndProject
Global
	GlobalSection(SolutionConfigurationPlatforms) = preSolution
		Debug|Any CPU = Debug|Any CPU
		Release|Any CPU = Release|Any CPU
	EndGlobalSection
	GlobalSection(ProjectConfigurationPlatforms) = postSolution
		{ECDC5DBD-3E34-49D6-9B8E-9A1FFC275926}.Debug|Any CPU.ActiveCfg = Debug|Any CPU
		{ECDC5DBD-3E34-49D6-9B8E-9A1FFC275926}.Release|Any CPU.ActiveCfg = Release|Any CPU
	EndGlobalSection
	GlobalSection(SolutionProperties) = preSolution
		HideSolutionNode = FALSE
	EndGlobalSection
	GlobalSection(ExtensibilityGlobals) = postSolution
		SolutionGuid = {421E2A9C-2624-4DD6-9E24-393CC82005E4}
	EndGlobalSection
EndGlobal
